// !$*UTF8*$!
{
	archiveVersion = 1;
	classes = {
	};
	objectVersion = 50;
	objects = {

/* Begin PBXBuildFile section */
		CA11466526128DDB00FADBFE /* parse.cpp in Sources */ = {isa = PBXBuildFile; fileRef = CA11466326128DDA00FADBFE /* parse.cpp */; };
		CA11466626128DDB00FADBFE /* parse.cpp in Sources */ = {isa = PBXBuildFile; fileRef = CA11466326128DDA00FADBFE /* parse.cpp */; };
		CA8FB44A2612957C00484726 /* env.cpp in Sources */ = {isa = PBXBuildFile; fileRef = CA8FB4482612957C00484726 /* env.cpp */; };
		CA8FB44B2612957C00484726 /* env.cpp in Sources */ = {isa = PBXBuildFile; fileRef = CA8FB4482612957C00484726 /* env.cpp */; };
		CA9D8A8A25EDCF77001FC89F /* val.cpp in Sources */ = {isa = PBXBuildFile; fileRef = CA9D8A8825EDCF77001FC89F /* val.cpp */; };
		CA9D8A8B25EDCF77001FC89F /* val.cpp in Sources */ = {isa = PBXBuildFile; fileRef = CA9D8A8825EDCF77001FC89F /* val.cpp */; };
		CACD7E9425B7F7C800098D2C /* main.cpp in Sources */ = {isa = PBXBuildFile; fileRef = CACD7E9325B7F7C800098D2C /* main.cpp */; };
		CAEC2ED025C9AB2500EF989A /* coverageTesting.m in Sources */ = {isa = PBXBuildFile; fileRef = CAEC2ECF25C9AB2500EF989A /* coverageTesting.m */; };
		CAEC2ED725C9AB8600EF989A /* expr.cpp in Sources */ = {isa = PBXBuildFile; fileRef = CAED112C25BE67F000E9D2CC /* expr.cpp */; };
		CAEC2EDD25C9AD7000EF989A /* run.cpp in Sources */ = {isa = PBXBuildFile; fileRef = CAEC2EDB25C9AD7000EF989A /* run.cpp */; };
		CAED112E25BE67F000E9D2CC /* expr.cpp in Sources */ = {isa = PBXBuildFile; fileRef = CAED112C25BE67F000E9D2CC /* expr.cpp */; };
		CAFA4DE22623C5E2002D0DC9 /* step.cpp in Sources */ = {isa = PBXBuildFile; fileRef = CAFA4DE02623C5E2002D0DC9 /* step.cpp */; };
		CAFA4DE32623C5E2002D0DC9 /* step.cpp in Sources */ = {isa = PBXBuildFile; fileRef = CAFA4DE02623C5E2002D0DC9 /* step.cpp */; };
		CAFA4DE82623C5FA002D0DC9 /* continue.cpp in Sources */ = {isa = PBXBuildFile; fileRef = CAFA4DE62623C5FA002D0DC9 /* continue.cpp */; };
		CAFA4DE92623C5FA002D0DC9 /* continue.cpp in Sources */ = {isa = PBXBuildFile; fileRef = CAFA4DE62623C5FA002D0DC9 /* continue.cpp */; };
/* End PBXBuildFile section */

/* Begin PBXCopyFilesBuildPhase section */
		CACD7E8E25B7F7C800098D2C /* CopyFiles */ = {
			isa = PBXCopyFilesBuildPhase;
			buildActionMask = 2147483647;
			dstPath = /usr/share/man/man1/;
			dstSubfolderSpec = 0;
			files = (
			);
			runOnlyForDeploymentPostprocessing = 1;
		};
/* End PBXCopyFilesBuildPhase section */

/* Begin PBXFileReference section */
		CA11466326128DDA00FADBFE /* parse.cpp */ = {isa = PBXFileReference; lastKnownFileType = sourcecode.cpp.cpp; path = parse.cpp; sourceTree = "<group>"; };
		CA11466426128DDB00FADBFE /* parse.hpp */ = {isa = PBXFileReference; lastKnownFileType = sourcecode.cpp.h; path = parse.hpp; sourceTree = "<group>"; };
		CA8FB4482612957C00484726 /* env.cpp */ = {isa = PBXFileReference; lastKnownFileType = sourcecode.cpp.cpp; path = env.cpp; sourceTree = "<group>"; };
		CA8FB4492612957C00484726 /* env.hpp */ = {isa = PBXFileReference; lastKnownFileType = sourcecode.cpp.h; path = env.hpp; sourceTree = "<group>"; };
		CA9D8A8825EDCF77001FC89F /* val.cpp */ = {isa = PBXFileReference; lastKnownFileType = sourcecode.cpp.cpp; path = val.cpp; sourceTree = "<group>"; };
		CA9D8A8925EDCF77001FC89F /* val.hpp */ = {isa = PBXFileReference; lastKnownFileType = sourcecode.cpp.h; path = val.hpp; sourceTree = "<group>"; };
		CACD7E9025B7F7C800098D2C /* MSDscriptCommandLine */ = {isa = PBXFileReference; explicitFileType = "compiled.mach-o.executable"; includeInIndex = 0; path = MSDscriptCommandLine; sourceTree = BUILT_PRODUCTS_DIR; };
		CACD7E9325B7F7C800098D2C /* main.cpp */ = {isa = PBXFileReference; lastKnownFileType = sourcecode.cpp.cpp; path = main.cpp; sourceTree = "<group>"; };
		CAD3E46A260A1A3F005CCFF5 /* pointermgmt.h */ = {isa = PBXFileReference; lastKnownFileType = sourcecode.c.h; path = pointermgmt.h; sourceTree = "<group>"; };
		CAEC2ECD25C9AB2500EF989A /* coverageTesting.xctest */ = {isa = PBXFileReference; explicitFileType = wrapper.cfbundle; includeInIndex = 0; path = coverageTesting.xctest; sourceTree = BUILT_PRODUCTS_DIR; };
		CAEC2ECF25C9AB2500EF989A /* coverageTesting.m */ = {isa = PBXFileReference; lastKnownFileType = sourcecode.c.objc; path = coverageTesting.m; sourceTree = "<group>"; };
		CAEC2ED125C9AB2500EF989A /* Info.plist */ = {isa = PBXFileReference; lastKnownFileType = text.plist.xml; path = Info.plist; sourceTree = "<group>"; };
		CAEC2EDA25C9AD3200EF989A /* run.h */ = {isa = PBXFileReference; lastKnownFileType = sourcecode.c.h; path = run.h; sourceTree = "<group>"; };
		CAEC2EDB25C9AD7000EF989A /* run.cpp */ = {isa = PBXFileReference; lastKnownFileType = sourcecode.cpp.cpp; path = run.cpp; sourceTree = "<group>"; };
		CAED112B25BE65DA00E9D2CC /* catch.h */ = {isa = PBXFileReference; lastKnownFileType = sourcecode.c.h; path = catch.h; sourceTree = "<group>"; };
		CAED112C25BE67F000E9D2CC /* expr.cpp */ = {isa = PBXFileReference; lastKnownFileType = sourcecode.cpp.cpp; path = expr.cpp; sourceTree = "<group>"; };
		CAED112D25BE67F000E9D2CC /* expr.hpp */ = {isa = PBXFileReference; lastKnownFileType = sourcecode.cpp.h; path = expr.hpp; sourceTree = "<group>"; };
		CAFA4DE02623C5E2002D0DC9 /* step.cpp */ = {isa = PBXFileReference; lastKnownFileType = sourcecode.cpp.cpp; path = step.cpp; sourceTree = "<group>"; };
		CAFA4DE12623C5E2002D0DC9 /* step.hpp */ = {isa = PBXFileReference; lastKnownFileType = sourcecode.cpp.h; path = step.hpp; sourceTree = "<group>"; };
		CAFA4DE62623C5FA002D0DC9 /* continue.cpp */ = {isa = PBXFileReference; lastKnownFileType = sourcecode.cpp.cpp; path = continue.cpp; sourceTree = "<group>"; };
		CAFA4DE72623C5FA002D0DC9 /* continue.hpp */ = {isa = PBXFileReference; lastKnownFileType = sourcecode.cpp.h; path = continue.hpp; sourceTree = "<group>"; };
/* End PBXFileReference section */

/* Begin PBXFrameworksBuildPhase section */
		CACD7E8D25B7F7C800098D2C /* Frameworks */ = {
			isa = PBXFrameworksBuildPhase;
			buildActionMask = 2147483647;
			files = (
			);
			runOnlyForDeploymentPostprocessing = 0;
		};
		CAEC2ECA25C9AB2500EF989A /* Frameworks */ = {
			isa = PBXFrameworksBuildPhase;
			buildActionMask = 2147483647;
			files = (
			);
			runOnlyForDeploymentPostprocessing = 0;
		};
/* End PBXFrameworksBuildPhase section */

/* Begin PBXGroup section */
		CACD7E8725B7F7C800098D2C = {
			isa = PBXGroup;
			children = (
				CACD7E9225B7F7C800098D2C /* MSDscriptCommandLine */,
				CAEC2ECE25C9AB2500EF989A /* coverageTesting */,
				CACD7E9125B7F7C800098D2C /* Products */,
			);
			sourceTree = "<group>";
		};
		CACD7E9125B7F7C800098D2C /* Products */ = {
			isa = PBXGroup;
			children = (
				CACD7E9025B7F7C800098D2C /* MSDscriptCommandLine */,
				CAEC2ECD25C9AB2500EF989A /* coverageTesting.xctest */,
			);
			name = Products;
			sourceTree = "<group>";
		};
		CACD7E9225B7F7C800098D2C /* MSDscriptCommandLine */ = {
			isa = PBXGroup;
			children = (
				CACD7E9325B7F7C800098D2C /* main.cpp */,
				CAED112B25BE65DA00E9D2CC /* catch.h */,
				CAD3E46A260A1A3F005CCFF5 /* pointermgmt.h */,
				CA11466326128DDA00FADBFE /* parse.cpp */,
				CA11466426128DDB00FADBFE /* parse.hpp */,
				CAED112C25BE67F000E9D2CC /* expr.cpp */,
				CAED112D25BE67F000E9D2CC /* expr.hpp */,
				CA9D8A8825EDCF77001FC89F /* val.cpp */,
				CA9D8A8925EDCF77001FC89F /* val.hpp */,
				CA8FB4482612957C00484726 /* env.cpp */,
				CA8FB4492612957C00484726 /* env.hpp */,
				CAFA4DE02623C5E2002D0DC9 /* step.cpp */,
				CAFA4DE12623C5E2002D0DC9 /* step.hpp */,
				CAFA4DE62623C5FA002D0DC9 /* continue.cpp */,
				CAFA4DE72623C5FA002D0DC9 /* continue.hpp */,
			);
			path = MSDscriptCommandLine;
			sourceTree = "<group>";
		};
		CAEC2ECE25C9AB2500EF989A /* coverageTesting */ = {
			isa = PBXGroup;
			children = (
				CAEC2ECF25C9AB2500EF989A /* coverageTesting.m */,
				CAEC2EDB25C9AD7000EF989A /* run.cpp */,
				CAEC2EDA25C9AD3200EF989A /* run.h */,
				CAEC2ED125C9AB2500EF989A /* Info.plist */,
			);
			path = coverageTesting;
			sourceTree = "<group>";
		};
/* End PBXGroup section */

/* Begin PBXNativeTarget section */
		CACD7E8F25B7F7C800098D2C /* MSDscriptCommandLine */ = {
			isa = PBXNativeTarget;
			buildConfigurationList = CACD7E9725B7F7C800098D2C /* Build configuration list for PBXNativeTarget "MSDscriptCommandLine" */;
			buildPhases = (
				CACD7E8C25B7F7C800098D2C /* Sources */,
				CACD7E8D25B7F7C800098D2C /* Frameworks */,
				CACD7E8E25B7F7C800098D2C /* CopyFiles */,
			);
			buildRules = (
			);
			dependencies = (
			);
			name = MSDscriptCommandLine;
			productName = MSDscriptCommandLine;
			productReference = CACD7E9025B7F7C800098D2C /* MSDscriptCommandLine */;
			productType = "com.apple.product-type.tool";
		};
		CAEC2ECC25C9AB2500EF989A /* coverageTesting */ = {
			isa = PBXNativeTarget;
			buildConfigurationList = CAEC2ED425C9AB2500EF989A /* Build configuration list for PBXNativeTarget "coverageTesting" */;
			buildPhases = (
				CAEC2EC925C9AB2500EF989A /* Sources */,
				CAEC2ECA25C9AB2500EF989A /* Frameworks */,
				CAEC2ECB25C9AB2500EF989A /* Resources */,
			);
			buildRules = (
			);
			dependencies = (
			);
			name = coverageTesting;
			productName = coverageTesting;
			productReference = CAEC2ECD25C9AB2500EF989A /* coverageTesting.xctest */;
			productType = "com.apple.product-type.bundle.unit-test";
		};
/* End PBXNativeTarget section */

/* Begin PBXProject section */
		CACD7E8825B7F7C800098D2C /* Project object */ = {
			isa = PBXProject;
			attributes = {
				LastUpgradeCheck = 1240;
				TargetAttributes = {
					CACD7E8F25B7F7C800098D2C = {
						CreatedOnToolsVersion = 12.3;
					};
					CAEC2ECC25C9AB2500EF989A = {
						CreatedOnToolsVersion = 12.4;
					};
				};
			};
			buildConfigurationList = CACD7E8B25B7F7C800098D2C /* Build configuration list for PBXProject "MSDscriptCommandLine" */;
			compatibilityVersion = "Xcode 9.3";
			developmentRegion = en;
			hasScannedForEncodings = 0;
			knownRegions = (
				en,
				Base,
			);
			mainGroup = CACD7E8725B7F7C800098D2C;
			productRefGroup = CACD7E9125B7F7C800098D2C /* Products */;
			projectDirPath = "";
			projectRoot = "";
			targets = (
				CACD7E8F25B7F7C800098D2C /* MSDscriptCommandLine */,
				CAEC2ECC25C9AB2500EF989A /* coverageTesting */,
			);
		};
/* End PBXProject section */

/* Begin PBXResourcesBuildPhase section */
		CAEC2ECB25C9AB2500EF989A /* Resources */ = {
			isa = PBXResourcesBuildPhase;
			buildActionMask = 2147483647;
			files = (
			);
			runOnlyForDeploymentPostprocessing = 0;
		};
/* End PBXResourcesBuildPhase section */

/* Begin PBXSourcesBuildPhase section */
		CACD7E8C25B7F7C800098D2C /* Sources */ = {
			isa = PBXSourcesBuildPhase;
			buildActionMask = 2147483647;
			files = (
				CA11466526128DDB00FADBFE /* parse.cpp in Sources */,
				CACD7E9425B7F7C800098D2C /* main.cpp in Sources */,
				CAED112E25BE67F000E9D2CC /* expr.cpp in Sources */,
				CA8FB44A2612957C00484726 /* env.cpp in Sources */,
				CAFA4DE82623C5FA002D0DC9 /* continue.cpp in Sources */,
				CA9D8A8A25EDCF77001FC89F /* val.cpp in Sources */,
				CAFA4DE22623C5E2002D0DC9 /* step.cpp in Sources */,
			);
			runOnlyForDeploymentPostprocessing = 0;
		};
		CAEC2EC925C9AB2500EF989A /* Sources */ = {
			isa = PBXSourcesBuildPhase;
			buildActionMask = 2147483647;
			files = (
				CA11466626128DDB00FADBFE /* parse.cpp in Sources */,
				CAEC2EDD25C9AD7000EF989A /* run.cpp in Sources */,
				CAFA4DE92623C5FA002D0DC9 /* continue.cpp in Sources */,
				CAFA4DE32623C5E2002D0DC9 /* step.cpp in Sources */,
				CAEC2ED725C9AB8600EF989A /* expr.cpp in Sources */,
				CA8FB44B2612957C00484726 /* env.cpp in Sources */,
				CAEC2ED025C9AB2500EF989A /* coverageTesting.m in Sources */,
				CA9D8A8B25EDCF77001FC89F /* val.cpp in Sources */,
			);
			runOnlyForDeploymentPostprocessing = 0;
		};
/* End PBXSourcesBuildPhase section */

/* Begin XCBuildConfiguration section */
		CACD7E9525B7F7C800098D2C /* Debug */ = {
			isa = XCBuildConfiguration;
			buildSettings = {
				ALWAYS_SEARCH_USER_PATHS = NO;
				CLANG_ANALYZER_NONNULL = YES;
				CLANG_ANALYZER_NUMBER_OBJECT_CONVERSION = YES_AGGRESSIVE;
				CLANG_CXX_LANGUAGE_STANDARD = "gnu++14";
				CLANG_CXX_LIBRARY = "libc++";
				CLANG_ENABLE_MODULES = YES;
				CLANG_ENABLE_OBJC_ARC = YES;
				CLANG_ENABLE_OBJC_WEAK = YES;
				CLANG_WARN_BLOCK_CAPTURE_AUTORELEASING = YES;
				CLANG_WARN_BOOL_CONVERSION = YES;
				CLANG_WARN_COMMA = YES;
				CLANG_WARN_CONSTANT_CONVERSION = YES;
				CLANG_WARN_DEPRECATED_OBJC_IMPLEMENTATIONS = YES;
				CLANG_WARN_DIRECT_OBJC_ISA_USAGE = YES_ERROR;
				CLANG_WARN_DOCUMENTATION_COMMENTS = YES;
				CLANG_WARN_EMPTY_BODY = YES;
				CLANG_WARN_ENUM_CONVERSION = YES;
				CLANG_WARN_INFINITE_RECURSION = YES;
				CLANG_WARN_INT_CONVERSION = YES;
				CLANG_WARN_NON_LITERAL_NULL_CONVERSION = YES;
				CLANG_WARN_OBJC_IMPLICIT_RETAIN_SELF = YES;
				CLANG_WARN_OBJC_LITERAL_CONVERSION = YES;
				CLANG_WARN_OBJC_ROOT_CLASS = YES_ERROR;
				CLANG_WARN_QUOTED_INCLUDE_IN_FRAMEWORK_HEADER = YES;
				CLANG_WARN_RANGE_LOOP_ANALYSIS = YES;
				CLANG_WARN_STRICT_PROTOTYPES = YES;
				CLANG_WARN_SUSPICIOUS_MOVE = YES;
				CLANG_WARN_UNGUARDED_AVAILABILITY = YES_AGGRESSIVE;
				CLANG_WARN_UNREACHABLE_CODE = YES;
				CLANG_WARN__DUPLICATE_METHOD_MATCH = YES;
				COPY_PHASE_STRIP = NO;
				DEBUG_INFORMATION_FORMAT = dwarf;
				ENABLE_STRICT_OBJC_MSGSEND = YES;
				ENABLE_TESTABILITY = YES;
				GCC_C_LANGUAGE_STANDARD = gnu11;
				GCC_DYNAMIC_NO_PIC = NO;
				GCC_NO_COMMON_BLOCKS = YES;
				GCC_OPTIMIZATION_LEVEL = 0;
				GCC_PREPROCESSOR_DEFINITIONS = (
					"DEBUG=1",
					"$(inherited)",
				);
				GCC_WARN_64_TO_32_BIT_CONVERSION = YES;
				GCC_WARN_ABOUT_RETURN_TYPE = YES_ERROR;
				GCC_WARN_UNDECLARED_SELECTOR = YES;
				GCC_WARN_UNINITIALIZED_AUTOS = YES_AGGRESSIVE;
				GCC_WARN_UNUSED_FUNCTION = YES;
				GCC_WARN_UNUSED_VARIABLE = YES;
				MACOSX_DEPLOYMENT_TARGET = 11.1;
				MTL_ENABLE_DEBUG_INFO = INCLUDE_SOURCE;
				MTL_FAST_MATH = YES;
				ONLY_ACTIVE_ARCH = YES;
				SDKROOT = macosx;
			};
			name = Debug;
		};
		CACD7E9625B7F7C800098D2C /* Release */ = {
			isa = XCBuildConfiguration;
			buildSettings = {
				ALWAYS_SEARCH_USER_PATHS = NO;
				CLANG_ANALYZER_NONNULL = YES;
				CLANG_ANALYZER_NUMBER_OBJECT_CONVERSION = YES_AGGRESSIVE;
				CLANG_CXX_LANGUAGE_STANDARD = "gnu++14";
				CLANG_CXX_LIBRARY = "libc++";
				CLANG_ENABLE_MODULES = YES;
				CLANG_ENABLE_OBJC_ARC = YES;
				CLANG_ENABLE_OBJC_WEAK = YES;
				CLANG_WARN_BLOCK_CAPTURE_AUTORELEASING = YES;
				CLANG_WARN_BOOL_CONVERSION = YES;
				CLANG_WARN_COMMA = YES;
				CLANG_WARN_CONSTANT_CONVERSION = YES;
				CLANG_WARN_DEPRECATED_OBJC_IMPLEMENTATIONS = YES;
				CLANG_WARN_DIRECT_OBJC_ISA_USAGE = YES_ERROR;
				CLANG_WARN_DOCUMENTATION_COMMENTS = YES;
				CLANG_WARN_EMPTY_BODY = YES;
				CLANG_WARN_ENUM_CONVERSION = YES;
				CLANG_WARN_INFINITE_RECURSION = YES;
				CLANG_WARN_INT_CONVERSION = YES;
				CLANG_WARN_NON_LITERAL_NULL_CONVERSION = YES;
				CLANG_WARN_OBJC_IMPLICIT_RETAIN_SELF = YES;
				CLANG_WARN_OBJC_LITERAL_CONVERSION = YES;
				CLANG_WARN_OBJC_ROOT_CLASS = YES_ERROR;
				CLANG_WARN_QUOTED_INCLUDE_IN_FRAMEWORK_HEADER = YES;
				CLANG_WARN_RANGE_LOOP_ANALYSIS = YES;
				CLANG_WARN_STRICT_PROTOTYPES = YES;
				CLANG_WARN_SUSPICIOUS_MOVE = YES;
				CLANG_WARN_UNGUARDED_AVAILABILITY = YES_AGGRESSIVE;
				CLANG_WARN_UNREACHABLE_CODE = YES;
				CLANG_WARN__DUPLICATE_METHOD_MATCH = YES;
				COPY_PHASE_STRIP = NO;
				DEBUG_INFORMATION_FORMAT = "dwarf-with-dsym";
				ENABLE_NS_ASSERTIONS = NO;
				ENABLE_STRICT_OBJC_MSGSEND = YES;
				GCC_C_LANGUAGE_STANDARD = gnu11;
				GCC_NO_COMMON_BLOCKS = YES;
				GCC_WARN_64_TO_32_BIT_CONVERSION = YES;
				GCC_WARN_ABOUT_RETURN_TYPE = YES_ERROR;
				GCC_WARN_UNDECLARED_SELECTOR = YES;
				GCC_WARN_UNINITIALIZED_AUTOS = YES_AGGRESSIVE;
				GCC_WARN_UNUSED_FUNCTION = YES;
				GCC_WARN_UNUSED_VARIABLE = YES;
				MACOSX_DEPLOYMENT_TARGET = 11.1;
				MTL_ENABLE_DEBUG_INFO = NO;
				MTL_FAST_MATH = YES;
				SDKROOT = macosx;
			};
			name = Release;
		};
		CACD7E9825B7F7C800098D2C /* Debug */ = {
			isa = XCBuildConfiguration;
			buildSettings = {
				CODE_SIGN_IDENTITY = "-";
				CODE_SIGN_STYLE = Automatic;
				PRODUCT_NAME = "$(TARGET_NAME)";
			};
			name = Debug;
		};
		CACD7E9925B7F7C800098D2C /* Release */ = {
			isa = XCBuildConfiguration;
			buildSettings = {
				CODE_SIGN_IDENTITY = "-";
				CODE_SIGN_STYLE = Automatic;
				PRODUCT_NAME = "$(TARGET_NAME)";
			};
			name = Release;
		};
		CAEC2ED225C9AB2500EF989A /* Debug */ = {
			isa = XCBuildConfiguration;
			buildSettings = {
				CODE_SIGN_STYLE = Automatic;
				COMBINE_HIDPI_IMAGES = YES;
				INFOPLIST_FILE = coverageTesting/Info.plist;
				LD_RUNPATH_SEARCH_PATHS = (
					"$(inherited)",
					"@executable_path/../Frameworks",
					"@loader_path/../Frameworks",
				);
				PRODUCT_BUNDLE_IDENTIFIER = mikeLangston.coverageTesting;
				PRODUCT_NAME = "$(TARGET_NAME)";
			};
			name = Debug;
		};
		CAEC2ED325C9AB2500EF989A /* Release */ = {
			isa = XCBuildConfiguration;
			buildSettings = {
				CODE_SIGN_STYLE = Automatic;
				COMBINE_HIDPI_IMAGES = YES;
				INFOPLIST_FILE = coverageTesting/Info.plist;
				LD_RUNPATH_SEARCH_PATHS = (
					"$(inherited)",
					"@executable_path/../Frameworks",
					"@loader_path/../Frameworks",
				);
				PRODUCT_BUNDLE_IDENTIFIER = mikeLangston.coverageTesting;
				PRODUCT_NAME = "$(TARGET_NAME)";
			};
			name = Release;
		};
/* End XCBuildConfiguration section */

/* Begin XCConfigurationList section */
		CACD7E8B25B7F7C800098D2C /* Build configuration list for PBXProject "MSDscriptCommandLine" */ = {
			isa = XCConfigurationList;
			buildConfigurations = (
				CACD7E9525B7F7C800098D2C /* Debug */,
				CACD7E9625B7F7C800098D2C /* Release */,
			);
			defaultConfigurationIsVisible = 0;
			defaultConfigurationName = Release;
		};
		CACD7E9725B7F7C800098D2C /* Build configuration list for PBXNativeTarget "MSDscriptCommandLine" */ = {
			isa = XCConfigurationList;
			buildConfigurations = (
				CACD7E9825B7F7C800098D2C /* Debug */,
				CACD7E9925B7F7C800098D2C /* Release */,
			);
			defaultConfigurationIsVisible = 0;
			defaultConfigurationName = Release;
		};
		CAEC2ED425C9AB2500EF989A /* Build configuration list for PBXNativeTarget "coverageTesting" */ = {
			isa = XCConfigurationList;
			buildConfigurations = (
				CAEC2ED225C9AB2500EF989A /* Debug */,
				CAEC2ED325C9AB2500EF989A /* Release */,
			);
			defaultConfigurationIsVisible = 0;
			defaultConfigurationName = Release;
		};
/* End XCConfigurationList section */
	};
	rootObject = CACD7E8825B7F7C800098D2C /* Project object */;
}
